// !$*UTF8*$!
{
	archiveVersion = 1;
	classes = {
	};
	objectVersion = 38;
	objects = {
		B9662FF403D6ABAC00D62B9A = {
			children = (
				B9662FF903D6ABD700D62B9A,
				B966304903D6AC8900D62B9A,
				B966307003D6ACED00D62B9A,
				B966307703D6AD1900D62B9A,
				B966309B03D6AD2B00D62B9A,
			);
			isa = PBXGroup;
			refType = 4;
		};
		B9662FF603D6ABAC00D62B9A = {
			buildRules = (
			);
			buildSettings = {
				COPY_PHASE_STRIP = NO;
			};
			isa = PBXBuildStyle;
			name = Development;
		};
		B9662FF703D6ABAC00D62B9A = {
			buildRules = (
			);
			buildSettings = {
				COPY_PHASE_STRIP = YES;
			};
			isa = PBXBuildStyle;
			name = Deployment;
		};
		B9662FF803D6ABAC00D62B9A = {
			buildStyles = (
				B9662FF603D6ABAC00D62B9A,
				B9662FF703D6ABAC00D62B9A,
			);
			hasScannedForEncodings = 1;
			isa = PBXProject;
			mainGroup = B9662FF403D6ABAC00D62B9A;
			projectDirPath = "";
			targets = (
				B966315003D6AE1D00D62B9A,
				B966315103D6AE6700D62B9A,
				B966315203D6AEA000D62B9A,
				B966315303D6B15100D62B9A,
			);
		};
		B9662FF903D6ABD700D62B9A = {
			children = (
				B9662FFA03D6ABD700D62B9A,
				B9662FFB03D6ABD700D62B9A,
				B966300603D6ABD700D62B9A,
				B966302303D6ABD700D62B9A,
				B966302603D6ABD700D62B9A,
				B966302703D6ABD700D62B9A,
			);
			isa = PBXGroup;
			name = "c++adt";
			path = "/Users/jarip/cvs/c++adt";
			refType = 0;
		};
		B9662FFA03D6ABD700D62B9A = {
			isa = PBXFileReference;
			path = .DS_Store;
			refType = 4;
		};
		B9662FFB03D6ABD700D62B9A = {
			children = (
				B9662FFC03D6ABD700D62B9A,
				B9662FFD03D6ABD700D62B9A,
				B9662FFE03D6ABD700D62B9A,
				B9662FFF03D6ABD700D62B9A,
				B966300003D6ABD700D62B9A,
				B966300103D6ABD700D62B9A,
				B966300203D6ABD700D62B9A,
				B966300303D6ABD700D62B9A,
				B966300403D6ABD700D62B9A,
				B966300503D6ABD700D62B9A,
			);
			isa = PBXGroup;
			path = doc;
			refType = 4;
		};
		B9662FFC03D6ABD700D62B9A = {
			isa = PBXFileReference;
			path = "c++adt.tex";
			refType = 4;
		};
		B9662FFD03D6ABD700D62B9A = {
			isa = PBXFileReference;
			path = CString.tex;
			refType = 4;
		};
		B9662FFE03D6ABD700D62B9A = {
			isa = PBXFileReference;
			path = Intro.tex;
			refType = 4;
		};
		B9662FFF03D6ABD700D62B9A = {
			isa = PBXFileReference;
			path = Lex.tex;
			refType = 4;
		};
		B966300003D6ABD700D62B9A = {
			isa = PBXFileReference;
			path = lignumdef.tex;
			refType = 4;
		};
		B966300103D6ABD700D62B9A = {
			isa = PBXFileReference;
			path = ParametricCurve.tex;
			refType = 4;
		};
		B966300203D6ABD700D62B9A = {
			isa = PBXFileReference;
			path = Point.tex;
			refType = 4;
		};
		B966300303D6ABD700D62B9A = {
			isa = PBXFileReference;
			path = PositionVector.tex;
			refType = 4;
		};
		B966300403D6ABD700D62B9A = {
			isa = PBXFileReference;
			path = RMatrix.tex;
			refType = 4;
		};
		B966300503D6ABD700D62B9A = {
			isa = PBXFileReference;
			path = TMatrix.tex;
			refType = 4;
		};
		B966300603D6ABD700D62B9A = {
			children = (
				B966300703D6ABD700D62B9A,
				B966300803D6ABD700D62B9A,
				B966300903D6ABD700D62B9A,
				B966300A03D6ABD700D62B9A,
				B966300B03D6ABD700D62B9A,
				B966300C03D6ABD700D62B9A,
				B966300D03D6ABD700D62B9A,
				B966300E03D6ABD700D62B9A,
				B966300F03D6ABD700D62B9A,
				B966301003D6ABD700D62B9A,
				B966301103D6ABD700D62B9A,
				B966301203D6ABD700D62B9A,
				B966301303D6ABD700D62B9A,
				B966301403D6ABD700D62B9A,
				B966301503D6ABD700D62B9A,
				B966301603D6ABD700D62B9A,
				B966301703D6ABD700D62B9A,
				B966301803D6ABD700D62B9A,
				B966301903D6ABD700D62B9A,
				B966301A03D6ABD700D62B9A,
				B966301B03D6ABD700D62B9A,
				B966301C03D6ABD700D62B9A,
				B966301D03D6ABD700D62B9A,
				B966301E03D6ABD700D62B9A,
				B966301F03D6ABD700D62B9A,
				B966302003D6ABD700D62B9A,
				B966302103D6ABD700D62B9A,
				B966302203D6ABD700D62B9A,
			);
			isa = PBXGroup;
			path = include;
			refType = 4;
		};
		B966300703D6ABD700D62B9A = {
			isa = PBXFileReference;
			path = .DS_Store;
			refType = 4;
		};
		B966300803D6ABD700D62B9A = {
			fileEncoding = 30;
			isa = PBXFileReference;
			path = boolean.h;
			refType = 4;
		};
		B966300903D6ABD700D62B9A = {
			fileEncoding = 30;
			isa = PBXFileReference;
			path = ConnectionMatrix.h;
			refType = 4;
		};
		B966300A03D6ABD700D62B9A = {
			fileEncoding = 30;
			isa = PBXFileReference;
			path = ConnectionMatrixI.h;
			refType = 4;
		};
		B966300B03D6ABD700D62B9A = {
			fileEncoding = 30;
			isa = PBXFileReference;
			path = CString.h;
			refType = 4;
		};
		B966300C03D6ABD700D62B9A = {
			fileEncoding = 30;
			isa = PBXFileReference;
			path = DList.h;
			refType = 4;
		};
		B966300D03D6ABD700D62B9A = {
			fileEncoding = 30;
			isa = PBXFileReference;
			path = DListElement.h;
			refType = 4;
		};
		B966300E03D6ABD700D62B9A = {
			fileEncoding = 30;
			isa = PBXFileReference;
			path = Ellipsis.h;
			refType = 4;
		};
		B966300F03D6ABD700D62B9A = {
			fileEncoding = 30;
			isa = PBXFileReference;
			path = Gauss.h;
			refType = 4;
		};
		B966301003D6ABD700D62B9A = {
			fileEncoding = 30;
			isa = PBXFileReference;
			path = HRMatrix.h;
			refType = 4;
		};
		B966301103D6ABD700D62B9A = {
			fileEncoding = 30;
			isa = PBXFileReference;
			path = Lex.h;
			refType = 4;
		};
		B966301203D6ABD700D62B9A = {
			fileEncoding = 30;
			isa = PBXFileReference;
			path = mathsym.h;
			refType = 4;
		};
		B966301303D6ABD700D62B9A = {
			fileEncoding = 30;
			isa = PBXFileReference;
			path = ParametricCurve.h;
			refType = 4;
		};
		B966301403D6ABD700D62B9A = {
			fileEncoding = 30;
			isa = PBXFileReference;
			path = Point.h;
			refType = 4;
		};
		B966301503D6ABD700D62B9A = {
			fileEncoding = 30;
			isa = PBXFileReference;
			path = PointI.h;
			refType = 4;
		};
		B966301603D6ABD700D62B9A = {
			fileEncoding = 30;
			isa = PBXFileReference;
			path = Polygon.h;
			refType = 4;
		};
		B966301703D6ABD700D62B9A = {
			fileEncoding = 30;
			isa = PBXFileReference;
			path = PositionVector.h;
			refType = 4;
		};
		B966301803D6ABD700D62B9A = {
			fileEncoding = 30;
			isa = PBXFileReference;
			path = RMatrix.h;
			refType = 4;
		};
		B966301903D6ABD700D62B9A = {
			fileEncoding = 30;
			isa = PBXFileReference;
			path = Rotation.h;
			refType = 4;
		};
		B966301A03D6ABD700D62B9A = {
			fileEncoding = 30;
			isa = PBXFileReference;
			path = stdafx.h;
			refType = 4;
		};
		B966301B03D6ABD700D62B9A = {
			fileEncoding = 30;
			isa = PBXFileReference;
			path = stringutils.h;
			refType = 4;
		};
		B966301C03D6ABD700D62B9A = {
			fileEncoding = 30;
			isa = PBXFileReference;
			path = Table.h;
			refType = 4;
		};
		B966301D03D6ABD700D62B9A = {
			fileEncoding = 30;
			isa = PBXFileReference;
			path = TableI.h;
			refType = 4;
		};
		B966301E03D6ABD700D62B9A = {
			fileEncoding = 30;
			isa = PBXFileReference;
			path = TMatrix.h;
			refType = 4;
		};
		B966301F03D6ABD700D62B9A = {
			fileEncoding = 30;
			isa = PBXFileReference;
			path = TMatrix3D.h;
			refType = 4;
		};
		B966302003D6ABD700D62B9A = {
			fileEncoding = 30;
			isa = PBXFileReference;
			path = TMatrix3DI.h;
			refType = 4;
		};
		B966302103D6ABD700D62B9A = {
			fileEncoding = 30;
			isa = PBXFileReference;
			path = TMatrixI.h;
			refType = 4;
		};
		B966302203D6ABD700D62B9A = {
			fileEncoding = 30;
			isa = PBXFileReference;
			path = Uniform.h;
			refType = 4;
		};
		B966302303D6ABD700D62B9A = {
			children = (
				B966302403D6ABD700D62B9A,
				B966302503D6ABD700D62B9A,
			);
			isa = PBXGroup;
			path = lib;
			refType = 4;
		};
		B966302403D6ABD700D62B9A = {
			isa = PBXFileReference;
			path = "libc++adt.a";
			refType = 4;
		};
		B966302503D6ABD700D62B9A = {
			fileEncoding = 30;
			isa = PBXFileReference;
			path = Makefile;
			refType = 4;
		};
		B966302603D6ABD700D62B9A = {
			fileEncoding = 30;
			isa = PBXFileReference;
			path = Makefile;
			refType = 4;
		};
		B966302703D6ABD700D62B9A = {
			children = (
				B966302803D6ABD700D62B9A,
				B966302903D6ABD700D62B9A,
				B966302A03D6ABD700D62B9A,
				B966302B03D6ABD700D62B9A,
				B966302C03D6ABD700D62B9A,
				B966302D03D6ABD700D62B9A,
				B966302E03D6ABD700D62B9A,
				B966302F03D6ABD700D62B9A,
				B966303003D6ABD700D62B9A,
				B966303103D6ABD700D62B9A,
				B966303203D6ABD700D62B9A,
				B966303303D6ABD700D62B9A,
				B966303403D6ABD700D62B9A,
				B966303503D6ABD700D62B9A,
				B966303603D6ABD700D62B9A,
				B966303703D6ABD700D62B9A,
				B966303803D6ABD700D62B9A,
				B966303903D6ABD700D62B9A,
				B966303A03D6ABD700D62B9A,
				B966303B03D6ABD700D62B9A,
				B966303C03D6ABD700D62B9A,
				B966303D03D6ABD700D62B9A,
				B966303E03D6ABD700D62B9A,
				B966303F03D6ABD700D62B9A,
				B966304003D6ABD700D62B9A,
				B966304103D6ABD700D62B9A,
				B966304203D6ABD700D62B9A,
				B966304303D6ABD700D62B9A,
				B966304403D6ABD700D62B9A,
				B966304503D6ABD700D62B9A,
				B966304603D6ABD700D62B9A,
				B966304703D6ABD700D62B9A,
				B966304803D6ABD700D62B9A,
			);
			isa = PBXGroup;
			path = src;
			refType = 4;
		};
		B966302803D6ABD700D62B9A = {
			fileEncoding = 30;
			isa = PBXFileReference;
			path = CString.cc;
			refType = 4;
		};
		B966302903D6ABD700D62B9A = {
			isa = PBXFileReference;
			path = CString.o;
			refType = 4;
		};
		B966302A03D6ABD700D62B9A = {
			fileEncoding = 30;
			isa = PBXFileReference;
			path = DList.cc;
			refType = 4;
		};
		B966302B03D6ABD700D62B9A = {
			isa = PBXFileReference;
			path = DList.o;
			refType = 4;
		};
		B966302C03D6ABD700D62B9A = {
			fileEncoding = 30;
			isa = PBXFileReference;
			path = DListElement.cc;
			refType = 4;
		};
		B966302D03D6ABD700D62B9A = {
			isa = PBXFileReference;
			path = DListElement.o;
			refType = 4;
		};
		B966302E03D6ABD700D62B9A = {
			fileEncoding = 30;
			isa = PBXFileReference;
			path = Ellipsis.cc;
			refType = 4;
		};
		B966302F03D6ABD700D62B9A = {
			isa = PBXFileReference;
			path = Ellipsis.o;
			refType = 4;
		};
		B966303003D6ABD700D62B9A = {
			fileEncoding = 30;
			isa = PBXFileReference;
			path = Gauss.cc;
			refType = 4;
		};
		B966303103D6ABD700D62B9A = {
			isa = PBXFileReference;
			path = Gauss.o;
			refType = 4;
		};
		B966303203D6ABD700D62B9A = {
			fileEncoding = 30;
			isa = PBXFileReference;
			path = "hrmatrix-test.cc";
			refType = 4;
		};
		B966303303D6ABD700D62B9A = {
			fileEncoding = 30;
			isa = PBXFileReference;
			path = HRMatrix.cc;
			refType = 4;
		};
		B966303403D6ABD700D62B9A = {
			isa = PBXFileReference;
			path = HRMatrix.o;
			refType = 4;
		};
		B966303503D6ABD700D62B9A = {
			fileEncoding = 30;
			isa = PBXFileReference;
			path = Lex.cc;
			refType = 4;
		};
		B966303603D6ABD700D62B9A = {
			isa = PBXFileReference;
			path = Lex.o;
			refType = 4;
		};
		B966303703D6ABD700D62B9A = {
			fileEncoding = 30;
			isa = PBXFileReference;
			path = matrix3d.cc;
			refType = 4;
		};
		B966303803D6ABD700D62B9A = {
			fileEncoding = 30;
			isa = PBXFileReference;
			path = normal.cc;
			refType = 4;
		};
		B966303903D6ABD700D62B9A = {
			isa = PBXFileReference;
			path = normal.o;
			refType = 4;
		};
		B966303A03D6ABD700D62B9A = {
			fileEncoding = 30;
			isa = PBXFileReference;
			path = ParametricCurve.cc;
			refType = 4;
		};
		B966303B03D6ABD700D62B9A = {
			isa = PBXFileReference;
			path = ParametricCurve.o;
			refType = 4;
		};
		B966303C03D6ABD700D62B9A = {
			fileEncoding = 30;
			isa = PBXFileReference;
			path = pcurve.data;
			refType = 4;
		};
		B966303D03D6ABD700D62B9A = {
			fileEncoding = 30;
			isa = PBXFileReference;
			path = pcurve2.data;
			refType = 4;
		};
		B966303E03D6ABD700D62B9A = {
			fileEncoding = 30;
			isa = PBXFileReference;
			path = pcurve3.data;
			refType = 4;
		};
		B966303F03D6ABD700D62B9A = {
			fileEncoding = 30;
			isa = PBXFileReference;
			path = Polygon.cc;
			refType = 4;
		};
		B966304003D6ABD700D62B9A = {
			isa = PBXFileReference;
			path = Polygon.o;
			refType = 4;
		};
		B966304103D6ABD700D62B9A = {
			fileEncoding = 30;
			isa = PBXFileReference;
			path = PositionVector.cc;
			refType = 4;
		};
		B966304203D6ABD700D62B9A = {
			isa = PBXFileReference;
			path = PositionVector.o;
			refType = 4;
		};
		B966304303D6ABD700D62B9A = {
			fileEncoding = 30;
			isa = PBXFileReference;
			path = rand3.cc;
			refType = 4;
		};
		B966304403D6ABD700D62B9A = {
			isa = PBXFileReference;
			path = rand3.o;
			refType = 4;
		};
		B966304503D6ABD700D62B9A = {
			fileEncoding = 30;
			isa = PBXFileReference;
			path = RMatrix.cc;
			refType = 4;
		};
		B966304603D6ABD700D62B9A = {
			isa = PBXFileReference;
			path = RMatrix.o;
			refType = 4;
		};
		B966304703D6ABD700D62B9A = {
			fileEncoding = 30;
			isa = PBXFileReference;
			path = Uniform.cc;
			refType = 4;
		};
		B966304803D6ABD700D62B9A = {
			isa = PBXFileReference;
			path = Uniform.o;
			refType = 4;
		};
		B966304903D6AC8900D62B9A = {
			children = (
				B966304A03D6AC8900D62B9A,
				B966304B03D6AC8900D62B9A,
				B966304C03D6AC8900D62B9A,
				B966304D03D6AC8900D62B9A,
				B966304E03D6AC8900D62B9A,
				B966304F03D6AC8900D62B9A,
				B966305903D6AC8900D62B9A,
				B966305A03D6AC8900D62B9A,
				B966305B03D6AC8900D62B9A,
				B966305D03D6AC8900D62B9A,
				B966305E03D6AC8900D62B9A,
				B966305F03D6AC8900D62B9A,
				B966306003D6AC8900D62B9A,
				B966306103D6AC8900D62B9A,
				B966306203D6AC8900D62B9A,
				B966306303D6AC8900D62B9A,
				B966306403D6AC8900D62B9A,
				B966306503D6AC8900D62B9A,
				B966306603D6AC8900D62B9A,
				B966306703D6AC8900D62B9A,
				B966306803D6AC8900D62B9A,
			);
			isa = PBXGroup;
			name = Firmament;
			path = /Users/jarip/cvs/Firmament;
			refType = 0;
		};
		B966304A03D6AC8900D62B9A = {
			fileEncoding = 30;
			isa = PBXFileReference;
			path = Firmament.cc;
			refType = 4;
		};
		B966304B03D6AC8900D62B9A = {
			isa = PBXFileReference;
			path = Firmament.o;
			refType = 4;
		};
		B966304C03D6AC8900D62B9A = {
			fileEncoding = 30;
			isa = PBXFileReference;
			path = firmament.txt;
			refType = 4;
		};
		B966304D03D6AC8900D62B9A = {
			fileEncoding = 30;
			isa = PBXFileReference;
			path = FirmamentWithMask.cc;
			refType = 4;
		};
		B966304E03D6AC8900D62B9A = {
			isa = PBXFileReference;
			path = FirmamentWithMask.o;
			refType = 4;
		};
		B966304F03D6AC8900D62B9A = {
			children = (
				B966305003D6AC8900D62B9A,
				B966305103D6AC8900D62B9A,
				B966305203D6AC8900D62B9A,
				B966305303D6AC8900D62B9A,
				B966305403D6AC8900D62B9A,
				B966305503D6AC8900D62B9A,
				B966305603D6AC8900D62B9A,
				B966305703D6AC8900D62B9A,
				B966305803D6AC8900D62B9A,
			);
			isa = PBXGroup;
			path = include;
			refType = 4;
		};
		B966305003D6AC8900D62B9A = {
			fileEncoding = 30;
			isa = PBXFileReference;
			path = Firmament.h;
			refType = 4;
		};
		B966305103D6AC8900D62B9A = {
			fileEncoding = 30;
			isa = PBXFileReference;
			path = FirmamentWithMask.h;
			refType = 4;
		};
		B966305203D6AC8900D62B9A = {
			fileEncoding = 30;
			isa = PBXFileReference;
			path = interlen.h;
			refType = 4;
		};
		B966305303D6AC8900D62B9A = {
			fileEncoding = 30;
			isa = PBXFileReference;
			path = MineSet.h;
			refType = 4;
		};
		B966305403D6AC8900D62B9A = {
			fileEncoding = 30;
			isa = PBXFileReference;
			path = Voxel.h;
			refType = 4;
		};
		B966305503D6AC8900D62B9A = {
			fileEncoding = 30;
			isa = PBXFileReference;
			path = voxellattice.h;
			refType = 4;
		};
		B966305603D6AC8900D62B9A = {
			fileEncoding = 30;
			isa = PBXFileReference;
			path = voxelmatrix.h;
			refType = 4;
		};
		B966305703D6AC8900D62B9A = {
			fileEncoding = 30;
			isa = PBXFileReference;
			path = voxelmatrixI.h;
			refType = 4;
		};
		B966305803D6AC8900D62B9A = {
			fileEncoding = 30;
			isa = PBXFileReference;
			path = VoxelSpace.h;
			refType = 4;
		};
		B966305903D6AC8900D62B9A = {
			fileEncoding = 30;
			isa = PBXFileReference;
			path = Interlen.cc;
			refType = 4;
		};
		B966305A03D6AC8900D62B9A = {
			isa = PBXFileReference;
			path = Interlen.o;
			refType = 4;
		};
		B966305B03D6AC8900D62B9A = {
			children = (
				B966305C03D6AC8900D62B9A,
			);
			isa = PBXGroup;
			path = lib;
			refType = 4;
		};
		B966305C03D6AC8900D62B9A = {
			isa = PBXFileReference;
			path = libsky.a;
			refType = 4;
		};
		B966305D03D6AC8900D62B9A = {
			fileEncoding = 30;
			isa = PBXFileReference;
			path = Makefile;
			refType = 4;
		};
		B966305E03D6AC8900D62B9A = {
			fileEncoding = 30;
			isa = PBXFileReference;
			path = mask.txt;
			refType = 4;
		};
		B966305F03D6AC8900D62B9A = {
			fileEncoding = 30;
			isa = PBXFileReference;
			path = MineSet.cc;
			refType = 4;
		};
		B966306003D6AC8900D62B9A = {
			isa = PBXFileReference;
			path = MineSet.o;
			refType = 4;
		};
		B966306103D6AC8900D62B9A = {
			fileEncoding = 30;
			isa = PBXFileReference;
			path = shatest.run;
			refType = 4;
		};
		B966306203D6AC8900D62B9A = {
			fileEncoding = 30;
			isa = PBXFileReference;
			path = "sky-dump.cc";
			refType = 4;
		};
		B966306303D6AC8900D62B9A = {
			fileEncoding = 30;
			isa = PBXFileReference;
			path = Voxel.cc;
			refType = 4;
		};
		B966306403D6AC8900D62B9A = {
			isa = PBXFileReference;
			path = Voxel.o;
			refType = 4;
		};
		B966306503D6AC8900D62B9A = {
			fileEncoding = 30;
			isa = PBXFileReference;
			path = voxellattice.cc;
			refType = 4;
		};
		B966306603D6AC8900D62B9A = {
			isa = PBXFileReference;
			path = voxellattice.o;
			refType = 4;
		};
		B966306703D6AC8900D62B9A = {
			fileEncoding = 30;
			isa = PBXFileReference;
			path = voxelmatrix.cc;
			refType = 4;
		};
		B966306803D6AC8900D62B9A = {
			isa = PBXFileReference;
			path = voxelmatrix.o;
			refType = 4;
		};
		B966307003D6ACED00D62B9A = {
			children = (
				B966307103D6ACED00D62B9A,
			);
			isa = PBXGroup;
			name = ScotsPine;
			path = /Users/jarip/cvs/ScotsPine;
			refType = 0;
		};
		B966307103D6ACED00D62B9A = {
			children = (
				B966307203D6ACED00D62B9A,
				B966307303D6ACED00D62B9A,
				B966307403D6ACED00D62B9A,
				B966307503D6ACED00D62B9A,
				B966307603D6ACED00D62B9A,
			);
			isa = PBXGroup;
			path = include;
			refType = 4;
		};
		B966307203D6ACED00D62B9A = {
			fileEncoding = 30;
			isa = PBXFileReference;
			path = ScotsBud.h;
			refType = 4;
		};
		B966307303D6ACED00D62B9A = {
			fileEncoding = 30;
			isa = PBXFileReference;
			path = ScotsFunctor.h;
			refType = 4;
		};
		B966307403D6ACED00D62B9A = {
			fileEncoding = 30;
			isa = PBXFileReference;
			path = ScotsFunctorI.h;
			refType = 4;
		};
		B966307503D6ACED00D62B9A = {
			fileEncoding = 30;
			isa = PBXFileReference;
			path = ScotsPine.h;
			refType = 4;
		};
		B966307603D6ACED00D62B9A = {
			fileEncoding = 30;
			isa = PBXFileReference;
			path = ScotsPineVisual.h;
			refType = 4;
		};
		B966307703D6AD1900D62B9A = {
			children = (
				B966307803D6AD1900D62B9A,
				B966307903D6AD1900D62B9A,
				B966307A03D6AD1900D62B9A,
				B966307B03D6AD1900D62B9A,
				B966307C03D6AD1900D62B9A,
				B966307D03D6AD1900D62B9A,
				B966307E03D6AD1900D62B9A,
				B966307F03D6AD1900D62B9A,
				B966308003D6AD1900D62B9A,
				B966308103D6AD1900D62B9A,
				B966308203D6AD1900D62B9A,
				B966308303D6AD1900D62B9A,
				B966308403D6AD1900D62B9A,
				B966308503D6AD1900D62B9A,
				B966308603D6AD1900D62B9A,
				B966308703D6AD1900D62B9A,
				B966308803D6AD1900D62B9A,
				B966308903D6AD1900D62B9A,
				B966308A03D6AD1900D62B9A,
				B966308B03D6AD1900D62B9A,
				B966308C03D6AD1900D62B9A,
				B966308D03D6AD1900D62B9A,
				B966308E03D6AD1900D62B9A,
				B966308F03D6AD1900D62B9A,
				B966309003D6AD1900D62B9A,
				B966309103D6AD1900D62B9A,
				B966309203D6AD1900D62B9A,
				B966309303D6AD1900D62B9A,
				B966309403D6AD1900D62B9A,
				B966309503D6AD1900D62B9A,
				B966309603D6AD1900D62B9A,
				B966309703D6AD1900D62B9A,
				B966309803D6AD1900D62B9A,
				B966309903D6AD1900D62B9A,
				B966309A03D6AD1900D62B9A,
			);
			isa = PBXGroup;
			name = ScotsPineVisual;
			path = /Users/jarip/cvs/ScotsPineVisual;
			refType = 0;
		};
		B966307803D6AD1900D62B9A = {
			isa = PBXFileReference;
			path = bgus45.dat;
			refType = 4;
		};
		B966307903D6AD1900D62B9A = {
			fileEncoding = 30;
			isa = PBXFileReference;
			path = bgus45.t;
			refType = 4;
		};
		B966307A03D6AD1900D62B9A = {
			isa = PBXFileReference;
			path = bgus47.dat;
			refType = 4;
		};
		B966307B03D6AD1900D62B9A = {
			fileEncoding = 30;
			isa = PBXFileReference;
			path = bgus47.t;
			refType = 4;
		};
		B966307C03D6AD1900D62B9A = {
			fileEncoding = 30;
			isa = PBXFileReference;
			path = branch.t;
			refType = 4;
		};
		B966307D03D6AD1900D62B9A = {
			fileEncoding = 30;
			isa = PBXFileReference;
			path = branch.unix.t;
			refType = 4;
		};
		B966307E03D6AD1900D62B9A = {
			fileEncoding = 30;
			isa = PBXFileReference;
			path = branch.unix.t2;
			refType = 4;
		};
		B966307F03D6AD1900D62B9A = {
			fileEncoding = 30;
			isa = PBXFileReference;
			path = CTexture.h;
			refType = 4;
		};
		B966308003D6AD1900D62B9A = {
			fileEncoding = 30;
			isa = PBXFileReference;
			path = DDisplay.h;
			refType = 4;
		};
		B966308103D6AD1900D62B9A = {
			fileEncoding = 30;
			isa = PBXFileReference;
			path = dera.cc;
			refType = 4;
		};
		B966308203D6AD1900D62B9A = {
			fileEncoding = 30;
			isa = PBXFileReference;
			path = display.cc;
			refType = 4;
		};
		B966308303D6AD1900D62B9A = {
			fileEncoding = 30;
			isa = PBXFileReference;
			path = display.h;
			refType = 4;
		};
		B966308403D6AD1900D62B9A = {
			fileEncoding = 30;
			isa = PBXFileReference;
			path = dpylc.h;
			refType = 4;
		};
		B966308503D6AD1900D62B9A = {
			fileEncoding = 30;
			isa = PBXFileReference;
			path = FileTree.h;
			refType = 4;
		};
		B966308603D6AD1900D62B9A = {
			isa = PBXFileReference;
			path = KOE035.DAT;
			refType = 4;
		};
		B966308703D6AD1900D62B9A = {
			fileEncoding = 30;
			isa = PBXFileReference;
			path = KOKEET_C.71;
			refType = 4;
		};
		B966308803D6AD1900D62B9A = {
			fileEncoding = 30;
			isa = PBXFileReference;
			path = main.cc;
			refType = 4;
		};
		B966308903D6AD1900D62B9A = {
			fileEncoding = 30;
			isa = PBXFileReference;
			path = Makefile;
			refType = 4;
		};
		B966308A03D6AD1900D62B9A = {
			isa = PBXFileReference;
			path = Manty.bmp;
			refType = 4;
		};
		B966308B03D6AD1900D62B9A = {
			isa = PBXFileReference;
			path = Manty1.rgbA;
			refType = 4;
		};
		B966308C03D6AD1900D62B9A = {
			fileEncoding = 30;
			isa = PBXFileReference;
			path = oksafunktiot.cc;
			refType = 4;
		};
		B966308D03D6AD1900D62B9A = {
			fileEncoding = 30;
			isa = PBXFileReference;
			path = OpenGL.cc;
			refType = 4;
		};
		B966308E03D6AD1900D62B9A = {
			fileEncoding = 30;
			isa = PBXFileReference;
			path = Sapwood.cc;
			refType = 4;
		};
		B966308F03D6AD1900D62B9A = {
			fileEncoding = 30;
			isa = PBXFileReference;
			path = Sapwood.h;
			refType = 4;
		};
		B966309003D6AD1900D62B9A = {
			fileEncoding = 30;
			isa = PBXFileReference;
			path = scotsvisual.h;
			refType = 4;
		};
		B966309103D6AD1900D62B9A = {
			fileEncoding = 30;
			isa = PBXFileReference;
			path = SideBranches.h;
			refType = 4;
		};
		B966309203D6AD1900D62B9A = {
			fileEncoding = 30;
			isa = PBXFileReference;
			path = stand.t;
			refType = 4;
		};
		B966309303D6AD1900D62B9A = {
			fileEncoding = 30;
			isa = PBXFileReference;
			path = stem.t;
			refType = 4;
		};
		B966309403D6AD1900D62B9A = {
			fileEncoding = 30;
			isa = PBXFileReference;
			path = stem.unix.t;
			refType = 4;
		};
		B966309503D6AD1900D62B9A = {
			fileEncoding = 30;
			isa = PBXFileReference;
			path = texture.cc;
			refType = 4;
		};
		B966309603D6AD1900D62B9A = {
			fileEncoding = 30;
			isa = PBXFileReference;
			path = texture.h;
			refType = 4;
		};
		B966309703D6AD1900D62B9A = {
			fileEncoding = 30;
			isa = PBXFileReference;
			path = textures.h;
			refType = 4;
		};
		B966309803D6AD1900D62B9A = {
			fileEncoding = 30;
			isa = PBXFileReference;
			path = tree.t;
			refType = 4;
		};
		B966309903D6AD1900D62B9A = {
			fileEncoding = 30;
			isa = PBXFileReference;
			path = treedata.txt;
			refType = 4;
		};
		B966309A03D6AD1900D62B9A = {
			fileEncoding = 30;
			isa = PBXFileReference;
			path = visual.cc;
			refType = 4;
		};
		B966309B03D6AD2B00D62B9A = {
			children = (
				B966309C03D6AD2B00D62B9A,
				B966309D03D6AD2B00D62B9A,
				B966309E03D6AD2B00D62B9A,
				B966309F03D6AD2B00D62B9A,
				B96630A003D6AD2B00D62B9A,
				B96630A103D6AD2B00D62B9A,
				B96630A403D6AD2B00D62B9A,
				B96630A503D6AD2B00D62B9A,
				B96630A803D6AD2B00D62B9A,
				B96630A903D6AD2B00D62B9A,
				B96630AE03D6AD2B00D62B9A,
				B96630AF03D6AD2B00D62B9A,
				B96630B003D6AD2B00D62B9A,
				B96630C203D6AD2B00D62B9A,
				B96630C303D6AD2B00D62B9A,
				B96630C403D6AD2B00D62B9A,
				B96630C503D6AD2B00D62B9A,
				B96630C603D6AD2B00D62B9A,
				B966310D03D6AD2C00D62B9A,
				B966310E03D6AD2C00D62B9A,
				B966311103D6AD2C00D62B9A,
				B966311203D6AD2C00D62B9A,
				B966312503D6AD2C00D62B9A,
				B966312603D6AD2C00D62B9A,
				B966312703D6AD2C00D62B9A,
				B966312803D6AD2C00D62B9A,
				B966312903D6AD2C00D62B9A,
				B966312A03D6AD2C00D62B9A,
				B966312D03D6AD2C00D62B9A,
				B966313203D6AD2C00D62B9A,
				B966313303D6AD2C00D62B9A,
				B966313403D6AD2C00D62B9A,
				B966313703D6AD2C00D62B9A,
				B966313D03D6AD2C00D62B9A,
				B966314B03D6AD2C00D62B9A,
				B966314C03D6AD2C00D62B9A,
			);
			isa = PBXGroup;
			name = "stl-lignum";
			path = "/Users/jarip/cvs/stl-lignum";
			refType = 0;
		};
		B966309C03D6AD2B00D62B9A = {
			isa = PBXFileReference;
			path = .DS_Store;
			refType = 4;
		};
		B966309D03D6AD2B00D62B9A = {
			fileEncoding = 30;
			isa = PBXFileReference;
			path = Al.fn;
			refType = 4;
		};
		B966309E03D6AD2B00D62B9A = {
			isa = PBXExecutableFileReference;
			path = algorithms;
			refType = 4;
		};
		B966309F03D6AD2B00D62B9A = {
			fileEncoding = 30;
			isa = PBXFileReference;
			path = algorithms.cc;
			refType = 4;
		};
		B96630A003D6AD2B00D62B9A = {
			isa = PBXFileReference;
			path = algorithms.o;
			refType = 4;
		};
		B96630A103D6AD2B00D62B9A = {
			children = (
				B96630A203D6AD2B00D62B9A,
				B96630A303D6AD2B00D62B9A,
			);
			isa = PBXGroup;
			path = Axis;
			refType = 4;
		};
		B96630A203D6AD2B00D62B9A = {
			fileEncoding = 30;
			isa = PBXFileReference;
			path = AxisFriend.cc;
			refType = 4;
		};
		B96630A303D6AD2B00D62B9A = {
			isa = PBXFileReference;
			path = AxisFriend.o;
			refType = 4;
		};
		B96630A403D6AD2B00D62B9A = {
			children = (
			);
			isa = PBXGroup;
			path = BetulaWithFlow;
			refType = 4;
		};
		B96630A503D6AD2B00D62B9A = {
			children = (
				B96630A603D6AD2B00D62B9A,
				B96630A703D6AD2B00D62B9A,
			);
			isa = PBXGroup;
			path = BranchingPoint;
			refType = 4;
		};
		B96630A603D6AD2B00D62B9A = {
			fileEncoding = 30;
			isa = PBXFileReference;
			path = BranchingPointFriend.cc;
			refType = 4;
		};
		B96630A703D6AD2B00D62B9A = {
			isa = PBXFileReference;
			path = BranchingPointFriend.o;
			refType = 4;
		};
		B96630A803D6AD2B00D62B9A = {
			fileEncoding = 30;
			isa = PBXFileReference;
			path = broadleaf.cc;
			refType = 4;
		};
		B96630A903D6AD2B00D62B9A = {
			children = (
				B96630AA03D6AD2B00D62B9A,
				B96630AB03D6AD2B00D62B9A,
				B96630AC03D6AD2B00D62B9A,
				B96630AD03D6AD2B00D62B9A,
			);
			isa = PBXGroup;
			path = Bud;
			refType = 4;
		};
		B96630AA03D6AD2B00D62B9A = {
			fileEncoding = 30;
			isa = PBXFileReference;
			path = Bud.cc;
			refType = 4;
		};
		B96630AB03D6AD2B00D62B9A = {
			isa = PBXFileReference;
			path = Bud.o;
			refType = 4;
		};
		B96630AC03D6AD2B00D62B9A = {
			fileEncoding = 30;
			isa = PBXFileReference;
			path = BudFriend.cc;
			refType = 4;
		};
		B96630AD03D6AD2B00D62B9A = {
			isa = PBXFileReference;
			path = BudFriend.o;
			refType = 4;
		};
		B96630AE03D6AD2B00D62B9A = {
			fileEncoding = 30;
			isa = PBXFileReference;
			path = Buds.fn;
			refType = 4;
		};
		B96630AF03D6AD2B00D62B9A = {
			fileEncoding = 30;
			isa = PBXFileReference;
			path = debug_voxel_info.txt;
			refType = 4;
		};
		B96630B003D6AD2B00D62B9A = {
			children = (
				B96630B103D6AD2B00D62B9A,
				B96630B203D6AD2B00D62B9A,
				B96630B303D6AD2B00D62B9A,
				B96630B403D6AD2B00D62B9A,
				B96630B503D6AD2B00D62B9A,
				B96630B603D6AD2B00D62B9A,
				B96630B703D6AD2B00D62B9A,
				B96630B803D6AD2B00D62B9A,
				B96630B903D6AD2B00D62B9A,
				B96630BA03D6AD2B00D62B9A,
				B96630BB03D6AD2B00D62B9A,
				B96630BC03D6AD2B00D62B9A,
				B96630BD03D6AD2B00D62B9A,
				B96630BE03D6AD2B00D62B9A,
				B96630BF03D6AD2B00D62B9A,
				B96630C003D6AD2B00D62B9A,
				B96630C103D6AD2B00D62B9A,
			);
			isa = PBXGroup;
			path = doc;
			refType = 4;
		};
		B96630B103D6AD2B00D62B9A = {
			isa = PBXFileReference;
			path = 3DTrees.tex;
			refType = 4;
		};
		B96630B203D6AD2B00D62B9A = {
			isa = PBXFileReference;
			path = Algorithms.tex;
			refType = 4;
		};
		B96630B303D6AD2B00D62B9A = {
			isa = PBXFileReference;
			path = Description.tex;
			refType = 4;
		};
		B96630B403D6AD2B00D62B9A = {
			isa = PBXFileReference;
			path = Intro.tex;
			refType = 4;
		};
		B96630B503D6AD2B00D62B9A = {
			isa = PBXFileReference;
			path = "lignum-classes.eps";
			refType = 4;
		};
		B96630B603D6AD2B00D62B9A = {
			isa = PBXFileReference;
			path = "lignum-segment.eps";
			refType = 4;
		};
		B96630B703D6AD2B00D62B9A = {
			isa = PBXFileReference;
			path = lignum.tex;
			refType = 4;
		};
		B96630B803D6AD2B00D62B9A = {
			isa = PBXFileReference;
			path = lignum3d.eps;
			refType = 4;
		};
		B96630B903D6AD2B00D62B9A = {
			isa = PBXFileReference;
			path = LignumClasses.tex;
			refType = 4;
		};
		B96630BA03D6AD2B00D62B9A = {
			isa = PBXFileReference;
			path = lignumdef.tex;
			refType = 4;
		};
		B96630BB03D6AD2B00D62B9A = {
			isa = PBXFileReference;
			path = PG.tex;
			refType = 4;
		};
		B96630BC03D6AD2B00D62B9A = {
			fileEncoding = 30;
			isa = PBXFileReference;
			path = README;
			refType = 4;
		};
		B96630BD03D6AD2B00D62B9A = {
			isa = PBXFileReference;
			path = Start.tex;
			refType = 4;
		};
		B96630BE03D6AD2B00D62B9A = {
			isa = PBXFileReference;
			path = Tree.tex;
			refType = 4;
		};
		B96630BF03D6AD2B00D62B9A = {
			isa = PBXFileReference;
			path = TreeCompartment.tex;
			refType = 4;
		};
		B96630C003D6AD2B00D62B9A = {
			isa = PBXFileReference;
			path = Units.tex;
			refType = 4;
		};
		B96630C103D6AD2B00D62B9A = {
			isa = PBXFileReference;
			path = UserGuide.tex;
			refType = 4;
		};
		B96630C203D6AD2B00D62B9A = {
			fileEncoding = 30;
			isa = PBXFileReference;
			path = DoI.fn;
			refType = 4;
		};
		B96630C303D6AD2B00D62B9A = {
			fileEncoding = 30;
			isa = PBXFileReference;
			path = Firmament.txt;
			refType = 4;
		};
		B96630C403D6AD2B00D62B9A = {
			fileEncoding = 30;
			isa = PBXFileReference;
			path = fnb.fn;
			refType = 4;
		};
		B96630C503D6AD2B00D62B9A = {
			fileEncoding = 30;
			isa = PBXFileReference;
			path = FoliageMortality.fn;
			refType = 4;
		};
		B96630C603D6AD2B00D62B9A = {
			children = (
				B96630C703D6AD2B00D62B9A,
				B96630C803D6AD2B00D62B9A,
				B96630C903D6AD2B00D62B9A,
				B96630CA03D6AD2B00D62B9A,
				B96630CB03D6AD2B00D62B9A,
				B96630CC03D6AD2B00D62B9A,
				B96630CD03D6AD2B00D62B9A,
				B96630CE03D6AD2B00D62B9A,
				B96630CF03D6AD2B00D62B9A,
				B96630D003D6AD2B00D62B9A,
				B96630D103D6AD2B00D62B9A,
				B96630D203D6AD2B00D62B9A,
				B96630D303D6AD2B00D62B9A,
				B96630D403D6AD2B00D62B9A,
				B96630D503D6AD2B00D62B9A,
				B96630D603D6AD2B00D62B9A,
				B96630D703D6AD2B00D62B9A,
				B96630D803D6AD2B00D62B9A,
				B96630D903D6AD2B00D62B9A,
				B96630DA03D6AD2B00D62B9A,
				B96630DB03D6AD2C00D62B9A,
				B96630DC03D6AD2C00D62B9A,
				B96630DD03D6AD2C00D62B9A,
				B96630DE03D6AD2C00D62B9A,
				B96630DF03D6AD2C00D62B9A,
				B96630E003D6AD2C00D62B9A,
				B96630E103D6AD2C00D62B9A,
				B96630E203D6AD2C00D62B9A,
				B96630E303D6AD2C00D62B9A,
				B96630E403D6AD2C00D62B9A,
				B96630E503D6AD2C00D62B9A,
				B96630E603D6AD2C00D62B9A,
				B96630E703D6AD2C00D62B9A,
				B96630E803D6AD2C00D62B9A,
				B96630E903D6AD2C00D62B9A,
				B96630EA03D6AD2C00D62B9A,
				B96630EB03D6AD2C00D62B9A,
				B96630EC03D6AD2C00D62B9A,
				B96630ED03D6AD2C00D62B9A,
				B96630EE03D6AD2C00D62B9A,
				B96630EF03D6AD2C00D62B9A,
				B96630F003D6AD2C00D62B9A,
				B96630F103D6AD2C00D62B9A,
				B96630F203D6AD2C00D62B9A,
				B96630F303D6AD2C00D62B9A,
				B96630F403D6AD2C00D62B9A,
				B96630F503D6AD2C00D62B9A,
				B96630F603D6AD2C00D62B9A,
				B96630F703D6AD2C00D62B9A,
				B96630F803D6AD2C00D62B9A,
				B96630F903D6AD2C00D62B9A,
				B96630FA03D6AD2C00D62B9A,
				B96630FB03D6AD2C00D62B9A,
				B96630FC03D6AD2C00D62B9A,
				B96630FD03D6AD2C00D62B9A,
				B96630FE03D6AD2C00D62B9A,
				B96630FF03D6AD2C00D62B9A,
				B966310003D6AD2C00D62B9A,
				B966310103D6AD2C00D62B9A,
				B966310203D6AD2C00D62B9A,
				B966310303D6AD2C00D62B9A,
				B966310403D6AD2C00D62B9A,
				B966310503D6AD2C00D62B9A,
				B966310603D6AD2C00D62B9A,
				B966310703D6AD2C00D62B9A,
				B966310803D6AD2C00D62B9A,
				B966310903D6AD2C00D62B9A,
				B966310A03D6AD2C00D62B9A,
				B966310B03D6AD2C00D62B9A,
				B966310C03D6AD2C00D62B9A,
			);
			isa = PBXGroup;
			path = include;
			refType = 4;
		};
		B96630C703D6AD2B00D62B9A = {
			isa = PBXFileReference;
			path = .DS_Store;
			refType = 4;
		};
		B96630C803D6AD2B00D62B9A = {
			fileEncoding = 30;
			isa = PBXFileReference;
			path = Algorithms.h;
			refType = 4;
		};
		B96630C903D6AD2B00D62B9A = {
			fileEncoding = 30;
			isa = PBXFileReference;
			path = AlgorithmsI.h;
			refType = 4;
		};
		B96630CA03D6AD2B00D62B9A = {
			fileEncoding = 30;
			isa = PBXFileReference;
			path = Axis.h;
			refType = 4;
		};
		B96630CB03D6AD2B00D62B9A = {
			fileEncoding = 30;
			isa = PBXFileReference;
			path = AxisI.h;
			refType = 4;
		};
		B96630CC03D6AD2B00D62B9A = {
			fileEncoding = 30;
			isa = PBXFileReference;
			path = BetulaWithFlow.h;
			refType = 4;
		};
		B96630CD03D6AD2B00D62B9A = {
			fileEncoding = 30;
			isa = PBXFileReference;
			path = BetulaWithFlowI.h;
			refType = 4;
		};
		B96630CE03D6AD2B00D62B9A = {
			fileEncoding = 30;
			isa = PBXFileReference;
			path = BranchingPoint.h;
			refType = 4;
		};
		B96630CF03D6AD2B00D62B9A = {
			fileEncoding = 30;
			isa = PBXFileReference;
			path = BranchingPointI.h;
			refType = 4;
		};
		B96630D003D6AD2B00D62B9A = {
			fileEncoding = 30;
			isa = PBXFileReference;
			path = BroadLeaf.h;
			refType = 4;
		};
		B96630D103D6AD2B00D62B9A = {
			fileEncoding = 30;
			isa = PBXFileReference;
			path = BroadLeafI.h;
			refType = 4;
		};
		B96630D203D6AD2B00D62B9A = {
			fileEncoding = 30;
			isa = PBXFileReference;
			path = Bud.h;
			refType = 4;
		};
		B96630D303D6AD2B00D62B9A = {
			fileEncoding = 30;
			isa = PBXFileReference;
			path = BudI.h;
			refType = 4;
		};
		B96630D403D6AD2B00D62B9A = {
			fileEncoding = 30;
			isa = PBXFileReference;
			path = CfTreeFunctor.h;
			refType = 4;
		};
		B96630D503D6AD2B00D62B9A = {
			fileEncoding = 30;
			isa = PBXFileReference;
			path = CfTreeFunctorI.h;
			refType = 4;
		};
		B96630D603D6AD2B00D62B9A = {
			fileEncoding = 30;
			isa = PBXFileReference;
			path = CfTreeSegment.h;
			refType = 4;
		};
		B96630D703D6AD2B00D62B9A = {
			fileEncoding = 30;
			isa = PBXFileReference;
			path = CfTreeSegmentI.h;
			refType = 4;
		};
		B96630D803D6AD2B00D62B9A = {
			fileEncoding = 30;
			isa = PBXFileReference;
			path = CfTreeSegmentMetabolismI.h;
			refType = 4;
		};
		B96630D903D6AD2B00D62B9A = {
			fileEncoding = 30;
			isa = PBXFileReference;
			path = Collision.h;
			refType = 4;
		};
		B96630DA03D6AD2B00D62B9A = {
			fileEncoding = 30;
			isa = PBXFileReference;
			path = CollisionI.h;
			refType = 4;
		};
		B96630DB03D6AD2C00D62B9A = {
			fileEncoding = 30;
			isa = PBXFileReference;
			path = CreateLeaves.h;
			refType = 4;
		};
		B96630DC03D6AD2C00D62B9A = {
			fileEncoding = 30;
			isa = PBXFileReference;
			path = DefaultBud.h;
			refType = 4;
		};
		B96630DD03D6AD2C00D62B9A = {
			fileEncoding = 30;
			isa = PBXFileReference;
			path = Forest.h;
			refType = 4;
		};
		B96630DE03D6AD2C00D62B9A = {
			fileEncoding = 30;
			isa = PBXFileReference;
			path = ForestAlgorithms.h;
			refType = 4;
		};
		B96630DF03D6AD2C00D62B9A = {
			fileEncoding = 30;
			isa = PBXFileReference;
			path = HwTreeSegment.h;
			refType = 4;
		};
		B96630E003D6AD2C00D62B9A = {
			fileEncoding = 30;
			isa = PBXFileReference;
			path = HwTreeSegmentI.h;
			refType = 4;
		};
		B96630E103D6AD2C00D62B9A = {
			fileEncoding = 30;
			isa = PBXFileReference;
			path = HwTreeSegmentMetabolismI.h;
			refType = 4;
		};
		B96630E203D6AD2C00D62B9A = {
			fileEncoding = 30;
			isa = PBXFileReference;
			path = InitializeTree.h;
			refType = 4;
		};
		B96630E303D6AD2C00D62B9A = {
			fileEncoding = 30;
			isa = PBXFileReference;
			path = InitializeTreeI.h;
			refType = 4;
		};
		B96630E403D6AD2C00D62B9A = {
			fileEncoding = 30;
			isa = PBXFileReference;
			path = LGMdecl.h;
			refType = 4;
		};
		B96630E503D6AD2C00D62B9A = {
			fileEncoding = 30;
			isa = PBXFileReference;
			path = LGMSymbols.h;
			refType = 4;
		};
		B96630E603D6AD2C00D62B9A = {
			fileEncoding = 30;
			isa = PBXFileReference;
			path = LGMUnits.h;
			refType = 4;
		};
		B96630E703D6AD2C00D62B9A = {
			fileEncoding = 30;
			isa = PBXFileReference;
			path = Lignum.h;
			refType = 4;
		};
		B96630E803D6AD2C00D62B9A = {
			fileEncoding = 30;
			isa = PBXFileReference;
			path = MyBud.h;
			refType = 4;
		};
		B96630E903D6AD2C00D62B9A = {
			fileEncoding = 30;
			isa = PBXFileReference;
			path = MyTreeSegment.h;
			refType = 4;
		};
		B96630EA03D6AD2C00D62B9A = {
			fileEncoding = 30;
			isa = PBXFileReference;
			path = RootAlgorithms.h;
			refType = 4;
		};
		B96630EB03D6AD2C00D62B9A = {
			fileEncoding = 30;
			isa = PBXFileReference;
			path = RootAlgorithmsI.h;
			refType = 4;
		};
		B96630EC03D6AD2C00D62B9A = {
			fileEncoding = 30;
			isa = PBXFileReference;
			path = RootFunctor.h;
			refType = 4;
		};
		B96630ED03D6AD2C00D62B9A = {
			fileEncoding = 30;
			isa = PBXFileReference;
			path = RootSystem.h;
			refType = 4;
		};
		B96630EE03D6AD2C00D62B9A = {
			fileEncoding = 30;
			isa = PBXFileReference;
			path = RootSystemI.h;
			refType = 4;
		};
		B96630EF03D6AD2C00D62B9A = {
			fileEncoding = 30;
			isa = PBXFileReference;
			path = Shading.h;
			refType = 4;
		};
		B96630F003D6AD2C00D62B9A = {
			fileEncoding = 30;
			isa = PBXFileReference;
			path = ShadingI.h;
			refType = 4;
		};
		B96630F103D6AD2C00D62B9A = {
			fileEncoding = 30;
			isa = PBXFileReference;
			path = StructuralGrowth.h;
			refType = 4;
		};
		B96630F203D6AD2C00D62B9A = {
			fileEncoding = 30;
			isa = PBXFileReference;
			path = StructuralGrowthI.h;
			refType = 4;
		};
		B96630F303D6AD2C00D62B9A = {
			fileEncoding = 30;
			isa = PBXFileReference;
			path = Tree.h;
			refType = 4;
		};
		B96630F403D6AD2C00D62B9A = {
			fileEncoding = 30;
			isa = PBXFileReference;
			path = TreeBookkeeping.h;
			refType = 4;
		};
		B96630F503D6AD2C00D62B9A = {
			fileEncoding = 30;
			isa = PBXFileReference;
			path = TreeBookkeepingI.h;
			refType = 4;
		};
		B96630F603D6AD2C00D62B9A = {
			fileEncoding = 30;
			isa = PBXFileReference;
			path = TreeCompartment.h;
			refType = 4;
		};
		B96630F703D6AD2C00D62B9A = {
			fileEncoding = 30;
			isa = PBXFileReference;
			path = TreeCompartmentI.h;
			refType = 4;
		};
		B96630F803D6AD2C00D62B9A = {
			fileEncoding = 30;
			isa = PBXFileReference;
			path = TreeFunctor.h;
			refType = 4;
		};
		B96630F903D6AD2C00D62B9A = {
			fileEncoding = 30;
			isa = PBXFileReference;
			path = TreeFunctorI.h;
			refType = 4;
		};
		B96630FA03D6AD2C00D62B9A = {
			fileEncoding = 30;
			isa = PBXFileReference;
			path = TreeGrowth.h;
			refType = 4;
		};
		B96630FB03D6AD2C00D62B9A = {
			fileEncoding = 30;
			isa = PBXFileReference;
			path = TreeGrowthI.h;
			refType = 4;
		};
		B96630FC03D6AD2C00D62B9A = {
			fileEncoding = 30;
			isa = PBXFileReference;
			path = TreeI.h;
			refType = 4;
		};
		B96630FD03D6AD2C00D62B9A = {
			fileEncoding = 30;
			isa = PBXFileReference;
			path = TreeMetabolism.h;
			refType = 4;
		};
		B96630FE03D6AD2C00D62B9A = {
			fileEncoding = 30;
			isa = PBXFileReference;
			path = TreeMetabolismI.h;
			refType = 4;
		};
		B96630FF03D6AD2C00D62B9A = {
			fileEncoding = 30;
			isa = PBXFileReference;
			path = TreeMetaFileParser.h;
			refType = 4;
		};
		B966310003D6AD2C00D62B9A = {
			fileEncoding = 30;
			isa = PBXFileReference;
			path = TreeRadiation.h;
			refType = 4;
		};
		B966310103D6AD2C00D62B9A = {
			fileEncoding = 30;
			isa = PBXFileReference;
			path = TreeRadiationI.h;
			refType = 4;
		};
		B966310203D6AD2C00D62B9A = {
			fileEncoding = 30;
			isa = PBXFileReference;
			path = TreeSegment.h;
			refType = 4;
		};
		B966310303D6AD2C00D62B9A = {
			fileEncoding = 30;
			isa = PBXFileReference;
			path = TreeSegmentFlow.h;
			refType = 4;
		};
		B966310403D6AD2C00D62B9A = {
			fileEncoding = 30;
			isa = PBXFileReference;
			path = TreeSegmentI.h;
			refType = 4;
		};
		B966310503D6AD2C00D62B9A = {
			fileEncoding = 30;
			isa = PBXFileReference;
			path = TreeSegmentWithFlow.h;
			refType = 4;
		};
		B966310603D6AD2C00D62B9A = {
			fileEncoding = 30;
			isa = PBXFileReference;
			path = VisualFunctor.h;
			refType = 4;
		};
		B966310703D6AD2C00D62B9A = {
			fileEncoding = 30;
			isa = PBXFileReference;
			path = VisualFunctorI.h;
			refType = 4;
		};
		B966310803D6AD2C00D62B9A = {
			fileEncoding = 30;
			isa = PBXFileReference;
			path = VTree.h;
			refType = 4;
		};
		B966310903D6AD2C00D62B9A = {
			fileEncoding = 30;
			isa = PBXFileReference;
			path = Zbrent.h;
			refType = 4;
		};
		B966310A03D6AD2C00D62B9A = {
			fileEncoding = 30;
			isa = PBXFileReference;
			path = zbrentFunctor.h;
			refType = 4;
		};
		B966310B03D6AD2C00D62B9A = {
			fileEncoding = 30;
			isa = PBXFileReference;
			path = zbrentFunctorI.h;
			refType = 4;
		};
		B966310C03D6AD2C00D62B9A = {
			fileEncoding = 30;
			isa = PBXFileReference;
			path = ZbrentI.h;
			refType = 4;
		};
		B966310D03D6AD2C00D62B9A = {
			fileEncoding = 30;
			isa = PBXFileReference;
			path = ip.fn;
			refType = 4;
		};
		B966310E03D6AD2C00D62B9A = {
			children = (
				B966310F03D6AD2C00D62B9A,
				B966311003D6AD2C00D62B9A,
			);
			isa = PBXGroup;
			path = lib;
			refType = 4;
		};
		B966310F03D6AD2C00D62B9A = {
			isa = PBXFileReference;
			path = libLGM.a;
			refType = 4;
		};
		B966311003D6AD2C00D62B9A = {
			fileEncoding = 30;
			isa = PBXFileReference;
			path = Makefile;
			refType = 4;
		};
		B966311103D6AD2C00D62B9A = {
			fileEncoding = 30;
			isa = PBXFileReference;
			path = LOnB.fn;
			refType = 4;
		};
		B966311203D6AD2C00D62B9A = {
			children = (
				B966311303D6AD2C00D62B9A,
			);
			isa = PBXGroup;
			path = MacPB;
			refType = 4;
		};
		B966311303D6AD2C00D62B9A = {
			children = (
				B966311403D6AD2C00D62B9A,
				B966312203D6AD2C00D62B9A,
			);
			isa = PBXGroup;
			path = MacPB;
			refType = 4;
		};
		B966311403D6AD2C00D62B9A = {
			children = (
				B966311503D6AD2C00D62B9A,
			);
			isa = PBXGroup;
			path = build;
			refType = 4;
		};
		B966311503D6AD2C00D62B9A = {
			children = (
				B966311603D6AD2C00D62B9A,
			);
			isa = PBXGroup;
			path = MacPB.build;
			refType = 4;
		};
		B966311603D6AD2C00D62B9A = {
			children = (
				B966311703D6AD2C00D62B9A,
				B966311803D6AD2C00D62B9A,
				B966311903D6AD2C00D62B9A,
				B966311A03D6AD2C00D62B9A,
				B966311B03D6AD2C00D62B9A,
				B966311C03D6AD2C00D62B9A,
				B966311D03D6AD2C00D62B9A,
				B966311E03D6AD2C00D62B9A,
				B966312103D6AD2C00D62B9A,
			);
			isa = PBXGroup;
			path = MacPB.pbxindex;
			refType = 4;
		};
		B966311703D6AD2C00D62B9A = {
			isa = PBXFileReference;
			path = categories.pbxbtree;
			refType = 4;
		};
		B966311803D6AD2C00D62B9A = {
			isa = PBXFileReference;
			path = decls.pbxbtree;
			refType = 4;
		};
		B966311903D6AD2C00D62B9A = {
			isa = PBXFileReference;
			path = files.pbxbtree;
			refType = 4;
		};
		B966311A03D6AD2C00D62B9A = {
			isa = PBXFileReference;
			path = imports.pbxbtree;
			refType = 4;
		};
		B966311B03D6AD2C00D62B9A = {
			isa = PBXFileReference;
			path = pbxindex.header;
			refType = 4;
		};
		B966311C03D6AD2C00D62B9A = {
			isa = PBXFileReference;
			path = protocols.pbxbtree;
			refType = 4;
		};
		B966311D03D6AD2C00D62B9A = {
			isa = PBXFileReference;
			path = refs.pbxbtree;
			refType = 4;
		};
		B966311E03D6AD2C00D62B9A = {
			children = (
				B966311F03D6AD2C00D62B9A,
				B966312003D6AD2C00D62B9A,
			);
			isa = PBXGroup;
			path = strings.pbxstrings;
			refType = 4;
		};
		B966311F03D6AD2C00D62B9A = {
			isa = PBXFileReference;
			path = control;
			refType = 4;
		};
		B966312003D6AD2C00D62B9A = {
			isa = PBXFileReference;
			path = strings;
			refType = 4;
		};
		B966312103D6AD2C00D62B9A = {
			isa = PBXFileReference;
			path = subclasses.pbxbtree;
			refType = 4;
		};
		B966312203D6AD2C00D62B9A = {
			children = (
				B966312303D6AD2C00D62B9A,
				B966312403D6AD2C00D62B9A,
			);
			isa = PBXGroup;
			path = MacPB.pbproj;
			refType = 4;
		};
		B966312303D6AD2C00D62B9A = {
			isa = PBXFileReference;
			path = jarip.pbxuser;
			refType = 4;
		};
		B966312403D6AD2C00D62B9A = {
			isa = PBXFileReference;
			path = project.pbxproj;
			refType = 4;
		};
		B966312503D6AD2C00D62B9A = {
			fileEncoding = 30;
			isa = PBXFileReference;
			path = main.cc;
			refType = 4;
		};
		B966312603D6AD2C00D62B9A = {
			fileEncoding = 30;
			isa = PBXFileReference;
			path = Makefile;
			refType = 4;
		};
		B966312703D6AD2C00D62B9A = {
			fileEncoding = 30;
			isa = PBXFileReference;
			path = MetaFile.txt;
			refType = 4;
		};
		B966312803D6AD2C00D62B9A = {
			fileEncoding = 30;
			isa = PBXFileReference;
			path = pf.fn;
			refType = 4;
		};
		B966312903D6AD2C00D62B9A = {
			fileEncoding = 30;
			isa = PBXFileReference;
			path = Radiationextinction.txt;
			refType = 4;
		};
		B966312A03D6AD2C00D62B9A = {
			children = (
				B966312B03D6AD2C00D62B9A,
				B966312C03D6AD2C00D62B9A,
			);
			isa = PBXGroup;
			path = RootSystem;
			refType = 4;
		};
		B966312B03D6AD2C00D62B9A = {
			isa = PBXFileReference;
			path = RootSystem.cc.o;
			refType = 4;
		};
		B966312C03D6AD2C00D62B9A = {
			isa = PBXFileReference;
			path = RootSystem.o;
			refType = 4;
		};
		B966312D03D6AD2C00D62B9A = {
			children = (
				B966312E03D6AD2C00D62B9A,
				B966312F03D6AD2C00D62B9A,
				B966313003D6AD2C00D62B9A,
				B966313103D6AD2C00D62B9A,
			);
			isa = PBXGroup;
			path = Tree;
			refType = 4;
		};
		B966312E03D6AD2C00D62B9A = {
			fileEncoding = 30;
			isa = PBXFileReference;
			path = Tree.cc;
			refType = 4;
		};
		B966312F03D6AD2C00D62B9A = {
			isa = PBXFileReference;
			path = Tree.o;
			refType = 4;
		};
		B966313003D6AD2C00D62B9A = {
			fileEncoding = 30;
			isa = PBXFileReference;
			path = TreeFriend.cc;
			refType = 4;
		};
		B966313103D6AD2C00D62B9A = {
			isa = PBXFileReference;
			path = TreeFriend.o;
			refType = 4;
		};
		B966313203D6AD2C00D62B9A = {
			fileEncoding = 30;
			isa = PBXFileReference;
			path = Tree.txt;
			refType = 4;
		};
		B966313303D6AD2C00D62B9A = {
			fileEncoding = 30;
			isa = PBXFileReference;
			path = tree_parameters.txt;
			refType = 4;
		};
		B966313403D6AD2C00D62B9A = {
			children = (
				B966313503D6AD2C00D62B9A,
				B966313603D6AD2C00D62B9A,
			);
			isa = PBXGroup;
			path = TreeCompartment;
			refType = 4;
		};
		B966313503D6AD2C00D62B9A = {
			fileEncoding = 30;
			isa = PBXFileReference;
			path = TreeCompartmentFriend.cc;
			refType = 4;
		};
		B966313603D6AD2C00D62B9A = {
			isa = PBXFileReference;
			path = TreeCompartmentFriend.o;
			refType = 4;
		};
		B966313703D6AD2C00D62B9A = {
			children = (
				B966313803D6AD2C00D62B9A,
				B966313903D6AD2C00D62B9A,
				B966313A03D6AD2C00D62B9A,
				B966313B03D6AD2C00D62B9A,
				B966313C03D6AD2C00D62B9A,
			);
			isa = PBXGroup;
			path = TreeMetaFileParser;
			refType = 4;
		};
		B966313803D6AD2C00D62B9A = {
			fileEncoding = 30;
			isa = PBXFileReference;
			path = Error1.txt;
			refType = 4;
		};
		B966313903D6AD2C00D62B9A = {
			fileEncoding = 30;
			isa = PBXFileReference;
			path = MetaFile.txt;
			refType = 4;
		};
		B966313A03D6AD2C00D62B9A = {
			fileEncoding = 30;
			isa = PBXFileReference;
			path = TreeMetaFileParser.cc;
			refType = 4;
		};
		B966313B03D6AD2C00D62B9A = {
			isa = PBXFileReference;
			path = TreeMetaFileParser.o;
			refType = 4;
		};
		B966313C03D6AD2C00D62B9A = {
			fileEncoding = 30;
			isa = PBXFileReference;
			path = TreeSegment.txt;
			refType = 4;
		};
		B966313D03D6AD2C00D62B9A = {
			children = (
				B966313E03D6AD2C00D62B9A,
				B966313F03D6AD2C00D62B9A,
				B966314003D6AD2C00D62B9A,
				B966314103D6AD2C00D62B9A,
				B966314203D6AD2C00D62B9A,
				B966314303D6AD2C00D62B9A,
				B966314403D6AD2C00D62B9A,
				B966314503D6AD2C00D62B9A,
				B966314603D6AD2C00D62B9A,
				B966314703D6AD2C00D62B9A,
				B966314803D6AD2C00D62B9A,
				B966314903D6AD2C00D62B9A,
				B966314A03D6AD2C00D62B9A,
			);
			isa = PBXGroup;
			path = TreeSegment;
			refType = 4;
		};
		B966313E03D6AD2C00D62B9A = {
			fileEncoding = 30;
			isa = PBXFileReference;
			path = BeamShading.cc;
			refType = 4;
		};
		B966313F03D6AD2C00D62B9A = {
			isa = PBXFileReference;
			path = BeamShading.o;
			refType = 4;
		};
		B966314003D6AD2C00D62B9A = {
			fileEncoding = 30;
			isa = PBXFileReference;
			path = BroadLeaf.cc;
			refType = 4;
		};
		B966314103D6AD2C00D62B9A = {
			isa = PBXFileReference;
			path = BroadLeaf.o;
			refType = 4;
		};
		B966314203D6AD2C00D62B9A = {
			fileEncoding = 30;
			isa = PBXFileReference;
			path = BroadLeafMetabolism.cc;
			refType = 4;
		};
		B966314303D6AD2C00D62B9A = {
			isa = PBXFileReference;
			path = BroadLeafMetabolism.o;
			refType = 4;
		};
		B966314403D6AD2C00D62B9A = {
			fileEncoding = 30;
			isa = PBXFileReference;
			path = CfTreeSegment.cc;
			refType = 4;
		};
		B966314503D6AD2C00D62B9A = {
			isa = PBXFileReference;
			path = CfTreeSegment.o;
			refType = 4;
		};
		B966314603D6AD2C00D62B9A = {
			fileEncoding = 30;
			isa = PBXFileReference;
			path = MyTreeSegment.cc;
			refType = 4;
		};
		B966314703D6AD2C00D62B9A = {
			fileEncoding = 30;
			isa = PBXFileReference;
			path = TreeSegment.cc;
			refType = 4;
		};
		B966314803D6AD2C00D62B9A = {
			isa = PBXFileReference;
			path = TreeSegment.o;
			refType = 4;
		};
		B966314903D6AD2C00D62B9A = {
			fileEncoding = 30;
			isa = PBXFileReference;
			path = TreeSegmentFriend.cc;
			refType = 4;
		};
		B966314A03D6AD2C00D62B9A = {
			isa = PBXFileReference;
			path = TreeSegmentFriend.o;
			refType = 4;
		};
		B966314B03D6AD2C00D62B9A = {
			fileEncoding = 30;
			isa = PBXFileReference;
			path = Vi.fn;
			refType = 4;
		};
		B966314C03D6AD2C00D62B9A = {
			fileEncoding = 30;
			isa = PBXFileReference;
			path = ViOnB.fn;
			refType = 4;
		};
		B966315003D6AE1D00D62B9A = {
			buildArgumentsString = gnu;
			buildPhases = (
			);
			buildSettings = {
				OTHER_CFLAGS = "";
				OTHER_LDFLAGS = "";
				OTHER_REZFLAGS = "";
				PRODUCT_NAME = algorithms;
				SECTORDER_FLAGS = "";
				WARNING_CFLAGS = "-Wmost -Wno-four-char-constants -Wno-unknown-pragmas";
			};
			buildToolPath = /usr/bin/gnumake;
			buildWorkingDirectory = "/Users/jarip/cvs/stl-lignum";
			dependencies = (
			);
			isa = PBXLegacyTarget;
			name = gnu;
			passBuildSettingsInEnvironment = 1;
			productName = gnu;
			settingsToExpand = 6;
			settingsToPassInEnvironment = 287;
			settingsToPassOnCommandLine = 280;
		};
		B966315103D6AE6700D62B9A = {
			buildArgumentsString = distclean;
			buildPhases = (
			);
			buildSettings = {
				OTHER_CFLAGS = "";
				OTHER_LDFLAGS = "";
				OTHER_REZFLAGS = "";
				PRODUCT_NAME = distclean;
				SECTORDER_FLAGS = "";
				WARNING_CFLAGS = "-Wmost -Wno-four-char-constants -Wno-unknown-pragmas";
			};
			buildToolPath = /usr/bin/gnumake;
			buildWorkingDirectory = "/Users/jarip/cvs/stl-lignum";
			dependencies = (
			);
			isa = PBXLegacyTarget;
			name = distclean;
			passBuildSettingsInEnvironment = 1;
			productName = distclean;
			settingsToExpand = 6;
			settingsToPassInEnvironment = 287;
			settingsToPassOnCommandLine = 280;
		};
		B966315203D6AEA000D62B9A = {
			buildArgumentsString = clean;
			buildPhases = (
			);
			buildSettings = {
				OTHER_CFLAGS = "";
				OTHER_LDFLAGS = "";
				OTHER_REZFLAGS = "";
				PRODUCT_NAME = clean;
				SECTORDER_FLAGS = "";
				WARNING_CFLAGS = "-Wmost -Wno-four-char-constants -Wno-unknown-pragmas";
			};
			buildToolPath = /usr/bin/gnumake;
			buildWorkingDirectory = "/Users/jarip/cvs/stl-lignum";
			dependencies = (
			);
			isa = PBXLegacyTarget;
			name = clean;
			passBuildSettingsInEnvironment = 1;
			productName = clean;
			settingsToExpand = 6;
			settingsToPassInEnvironment = 287;
			settingsToPassOnCommandLine = 280;
		};
		B966315303D6B15100D62B9A = {
			buildArgumentsString = "\"CCC=g++\" depend";
			buildPhases = (
			);
			buildSettings = {
				OTHER_CFLAGS = "";
				OTHER_LDFLAGS = "";
				OTHER_REZFLAGS = "";
				PRODUCT_NAME = depend;
				SECTORDER_FLAGS = "";
				WARNING_CFLAGS = "-Wmost -Wno-four-char-constants -Wno-unknown-pragmas";
			};
			buildToolPath = /usr/bin/gnumake;
			buildWorkingDirectory = "/Users/jarip/cvs/stl-lignum";
			dependencies = (
			);
			isa = PBXLegacyTarget;
			name = depend;
			passBuildSettingsInEnvironment = 1;
			productName = depend;
			settingsToExpand = 6;
			settingsToPassInEnvironment = 287;
			settingsToPassOnCommandLine = 280;
		};
	};
	rootObject = B9662FF803D6ABAC00D62B9A;
}
